// !$*UTF8*$!
{
	archiveVersion = 1;
	classes = {
	};
	objectVersion = 46;
	objects = {

/* Begin PBXBuildFile section */
		15420E9A1A091F2300EB80F4 /* AppDelegate.m in Sources */ = {isa = PBXBuildFile; fileRef = 15420E991A091F2300EB80F4 /* AppDelegate.m */; };
		15420E9C1A091F2300EB80F4 /* main.m in Sources */ = {isa = PBXBuildFile; fileRef = 15420E9B1A091F2300EB80F4 /* main.m */; };
		15420E9F1A091F2300EB80F4 /* ViewController.m in Sources */ = {isa = PBXBuildFile; fileRef = 15420E9E1A091F2300EB80F4 /* ViewController.m */; };
		15420EA11A091F2300EB80F4 /* Images.xcassets in Resources */ = {isa = PBXBuildFile; fileRef = 15420EA01A091F2300EB80F4 /* Images.xcassets */; };
		15420EA41A091F2300EB80F4 /* Main.storyboard in Resources */ = {isa = PBXBuildFile; fileRef = 15420EA21A091F2300EB80F4 /* Main.storyboard */; };
		15420EB01A091F2300EB80F4 /* PKC_Lab1Tests.m in Sources */ = {isa = PBXBuildFile; fileRef = 15420EAF1A091F2300EB80F4 /* PKC_Lab1Tests.m */; };
/* End PBXBuildFile section */

/* Begin PBXContainerItemProxy section */
		15420EAA1A091F2300EB80F4 /* PBXContainerItemProxy */ = {
			isa = PBXContainerItemProxy;
			containerPortal = 15420E8B1A091F2300EB80F4 /* Project object */;
			proxyType = 1;
			remoteGlobalIDString = 15420E921A091F2300EB80F4;
			remoteInfo = "PKC-Lab1";
		};
/* End PBXContainerItemProxy section */

/* Begin PBXFileReference section */
		15420E931A091F2300EB80F4 /* PKC-Lab1.app */ = {isa = PBXFileReference; explicitFileType = wrapper.application; includeInIndex = 0; path = "PKC-Lab1.app"; sourceTree = BUILT_PRODUCTS_DIR; };
		15420E971A091F2300EB80F4 /* Info.plist */ = {isa = PBXFileReference; lastKnownFileType = text.plist.xml; path = Info.plist; sourceTree = "<group>"; };
		15420E981A091F2300EB80F4 /* AppDelegate.h */ = {isa = PBXFileReference; lastKnownFileType = sourcecode.c.h; path = AppDelegate.h; sourceTree = "<group>"; };
		15420E991A091F2300EB80F4 /* AppDelegate.m */ = {isa = PBXFileReference; lastKnownFileType = sourcecode.c.objc; path = AppDelegate.m; sourceTree = "<group>"; };
		15420E9B1A091F2300EB80F4 /* main.m */ = {isa = PBXFileReference; lastKnownFileType = sourcecode.c.objc; path = main.m; sourceTree = "<group>"; };
		15420E9D1A091F2300EB80F4 /* ViewController.h */ = {isa = PBXFileReference; lastKnownFileType = sourcecode.c.h; path = ViewController.h; sourceTree = "<group>"; };
		15420E9E1A091F2300EB80F4 /* ViewController.m */ = {isa = PBXFileReference; lastKnownFileType = sourcecode.c.objc; path = ViewController.m; sourceTree = "<group>"; };
		15420EA01A091F2300EB80F4 /* Images.xcassets */ = {isa = PBXFileReference; lastKnownFileType = folder.assetcatalog; path = Images.xcassets; sourceTree = "<group>"; };
		15420EA31A091F2300EB80F4 /* Base */ = {isa = PBXFileReference; lastKnownFileType = file.storyboard; name = Base; path = Base.lproj/Main.storyboard; sourceTree = "<group>"; };
		15420EA91A091F2300EB80F4 /* PKC-Lab1Tests.xctest */ = {isa = PBXFileReference; explicitFileType = wrapper.cfbundle; includeInIndex = 0; path = "PKC-Lab1Tests.xctest"; sourceTree = BUILT_PRODUCTS_DIR; };
		15420EAE1A091F2300EB80F4 /* Info.plist */ = {isa = PBXFileReference; lastKnownFileType = text.plist.xml; path = Info.plist; sourceTree = "<group>"; };
		15420EAF1A091F2300EB80F4 /* PKC_Lab1Tests.m */ = {isa = PBXFileReference; lastKnownFileType = sourcecode.c.objc; path = PKC_Lab1Tests.m; sourceTree = "<group>"; };
/* End PBXFileReference section */

/* Begin PBXFrameworksBuildPhase section */
		15420E901A091F2300EB80F4 /* Frameworks */ = {
			isa = PBXFrameworksBuildPhase;
			buildActionMask = 2147483647;
			files = (
			);
			runOnlyForDeploymentPostprocessing = 0;
		};
		15420EA61A091F2300EB80F4 /* Frameworks */ = {
			isa = PBXFrameworksBuildPhase;
			buildActionMask = 2147483647;
			files = (
			);
			runOnlyForDeploymentPostprocessing = 0;
		};
/* End PBXFrameworksBuildPhase section */

/* Begin PBXGroup section */
		15420E8A1A091F2300EB80F4 = {
			isa = PBXGroup;
			children = (
				15420E951A091F2300EB80F4 /* PKC-Lab1 */,
				15420EAC1A091F2300EB80F4 /* PKC-Lab1Tests */,
				15420E941A091F2300EB80F4 /* Products */,
			);
			sourceTree = "<group>";
		};
		15420E941A091F2300EB80F4 /* Products */ = {
			isa = PBXGroup;
			children = (
				15420E931A091F2300EB80F4 /* PKC-Lab1.app */,
				15420EA91A091F2300EB80F4 /* PKC-Lab1Tests.xctest */,
			);
			name = Products;
			sourceTree = "<group>";
		};
		15420E951A091F2300EB80F4 /* PKC-Lab1 */ = {
			isa = PBXGroup;
			children = (
				15420E981A091F2300EB80F4 /* AppDelegate.h */,
				15420E991A091F2300EB80F4 /* AppDelegate.m */,
				15420E9D1A091F2300EB80F4 /* ViewController.h */,
				15420E9E1A091F2300EB80F4 /* ViewController.m */,
				15420EA01A091F2300EB80F4 /* Images.xcassets */,
				15420EA21A091F2300EB80F4 /* Main.storyboard */,
				15420E961A091F2300EB80F4 /* Supporting Files */,
			);
			path = "PKC-Lab1";
			sourceTree = "<group>";
		};
		15420E961A091F2300EB80F4 /* Supporting Files */ = {
			isa = PBXGroup;
			children = (
				15420E971A091F2300EB80F4 /* Info.plist */,
				15420E9B1A091F2300EB80F4 /* main.m */,
			);
			name = "Supporting Files";
			sourceTree = "<group>";
		};
		15420EAC1A091F2300EB80F4 /* PKC-Lab1Tests */ = {
			isa = PBXGroup;
			children = (
				15420EAF1A091F2300EB80F4 /* PKC_Lab1Tests.m */,
				15420EAD1A091F2300EB80F4 /* Supporting Files */,
			);
			path = "PKC-Lab1Tests";
			sourceTree = "<group>";
		};
		15420EAD1A091F2300EB80F4 /* Supporting Files */ = {
			isa = PBXGroup;
			children = (
				15420EAE1A091F2300EB80F4 /* Info.plist */,
			);
			name = "Supporting Files";
			sourceTree = "<group>";
		};
/* End PBXGroup section */

/* Begin PBXNativeTarget section */
		15420E921A091F2300EB80F4 /* PKC-Lab1 */ = {
			isa = PBXNativeTarget;
			buildConfigurationList = 15420EB31A091F2300EB80F4 /* Build configuration list for PBXNativeTarget "PKC-Lab1" */;
			buildPhases = (
				15420E8F1A091F2300EB80F4 /* Sources */,
				15420E901A091F2300EB80F4 /* Frameworks */,
				15420E911A091F2300EB80F4 /* Resources */,
			);
			buildRules = (
			);
			dependencies = (
			);
			name = "PKC-Lab1";
			productName = "PKC-Lab1";
			productReference = 15420E931A091F2300EB80F4 /* PKC-Lab1.app */;
			productType = "com.apple.product-type.application";
		};
		15420EA81A091F2300EB80F4 /* PKC-Lab1Tests */ = {
			isa = PBXNativeTarget;
			buildConfigurationList = 15420EB61A091F2300EB80F4 /* Build configuration list for PBXNativeTarget "PKC-Lab1Tests" */;
			buildPhases = (
				15420EA51A091F2300EB80F4 /* Sources */,
				15420EA61A091F2300EB80F4 /* Frameworks */,
				15420EA71A091F2300EB80F4 /* Resources */,
			);
			buildRules = (
			);
			dependencies = (
				15420EAB1A091F2300EB80F4 /* PBXTargetDependency */,
			);
			name = "PKC-Lab1Tests";
			productName = "PKC-Lab1Tests";
			productReference = 15420EA91A091F2300EB80F4 /* PKC-Lab1Tests.xctest */;
			productType = "com.apple.product-type.bundle.unit-test";
		};
/* End PBXNativeTarget section */

/* Begin PBXProject section */
		15420E8B1A091F2300EB80F4 /* Project object */ = {
			isa = PBXProject;
			attributes = {
				LastUpgradeCheck = 0610;
				ORGANIZATIONNAME = "Mihai Costea";
				TargetAttributes = {
					15420E921A091F2300EB80F4 = {
						CreatedOnToolsVersion = 6.1;
					};
					15420EA81A091F2300EB80F4 = {
						CreatedOnToolsVersion = 6.1;
						TestTargetID = 15420E921A091F2300EB80F4;
					};
				};
			};
			buildConfigurationList = 15420E8E1A091F2300EB80F4 /* Build configuration list for PBXProject "PKC-Lab1" */;
			compatibilityVersion = "Xcode 3.2";
			developmentRegion = English;
			hasScannedForEncodings = 0;
			knownRegions = (
				en,
				Base,
			);
			mainGroup = 15420E8A1A091F2300EB80F4;
			productRefGroup = 15420E941A091F2300EB80F4 /* Products */;
			projectDirPath = "";
			projectRoot = "";
			targets = (
				15420E921A091F2300EB80F4 /* PKC-Lab1 */,
				15420EA81A091F2300EB80F4 /* PKC-Lab1Tests */,
			);
		};
/* End PBXProject section */

/* Begin PBXResourcesBuildPhase section */
		15420E911A091F2300EB80F4 /* Resources */ = {
			isa = PBXResourcesBuildPhase;
			buildActionMask = 2147483647;
			files = (
				15420EA11A091F2300EB80F4 /* Images.xcassets in Resources */,
				15420EA41A091F2300EB80F4 /* Main.storyboard in Resources */,
			);
			runOnlyForDeploymentPostprocessing = 0;
		};
		15420EA71A091F2300EB80F4 /* Resources */ = {
			isa = PBXResourcesBuildPhase;
			buildActionMask = 2147483647;
			files = (
			);
			runOnlyForDeploymentPostprocessing = 0;
		};
/* End PBXResourcesBuildPhase section */

/* Begin PBXSourcesBuildPhase section */
		15420E8F1A091F2300EB80F4 /* Sources */ = {
			isa = PBXSourcesBuildPhase;
			buildActionMask = 2147483647;
			files = (
				15420E9F1A091F2300EB80F4 /* ViewController.m in Sources */,
				15420E9C1A091F2300EB80F4 /* main.m in Sources */,
				15420E9A1A091F2300EB80F4 /* AppDelegate.m in Sources */,
			);
			runOnlyForDeploymentPostprocessing = 0;
		};
		15420EA51A091F2300EB80F4 /* Sources */ = {
			isa = PBXSourcesBuildPhase;
			buildActionMask = 2147483647;
			files = (
				15420EB01A091F2300EB80F4 /* PKC_Lab1Tests.m in Sources */,
			);
			runOnlyForDeploymentPostprocessing = 0;
		};
/* End PBXSourcesBuildPhase section */

/* Begin PBXTargetDependency section */
		15420EAB1A091F2300EB80F4 /* PBXTargetDependency */ = {
			isa = PBXTargetDependency;
			target = 15420E921A091F2300EB80F4 /* PKC-Lab1 */;
			targetProxy = 15420EAA1A091F2300EB80F4 /* PBXContainerItemProxy */;
		};
/* End PBXTargetDependency section */

/* Begin PBXVariantGroup section */
		15420EA21A091F2300EB80F4 /* Main.storyboard */ = {
			isa = PBXVariantGroup;
			children = (
				15420EA31A091F2300EB80F4 /* Base */,
			);
			name = Main.storyboard;
			sourceTree = "<group>";
		};
/* End PBXVariantGroup section */

/* Begin XCBuildConfiguration section */
		15420EB11A091F2300EB80F4 /* Debug */ = {
			isa = XCBuildConfiguration;
			buildSettings = {
				ALWAYS_SEARCH_USER_PATHS = NO;
				CLANG_CXX_LANGUAGE_STANDARD = "gnu++0x";
				CLANG_CXX_LIBRARY = "libc++";
				CLANG_ENABLE_MODULES = YES;
				CLANG_ENABLE_OBJC_ARC = YES;
				CLANG_WARN_BOOL_CONVERSION = YES;
				CLANG_WARN_CONSTANT_CONVERSION = YES;
				CLANG_WARN_DIRECT_OBJC_ISA_USAGE = YES_ERROR;
				CLANG_WARN_EMPTY_BODY = YES;
				CLANG_WARN_ENUM_CONVERSION = YES;
				CLANG_WARN_INT_CONVERSION = YES;
				CLANG_WARN_OBJC_ROOT_CLASS = YES_ERROR;
				CLANG_WARN_UNREACHABLE_CODE = YES;
				CLANG_WARN__DUPLICATE_METHOD_MATCH = YES;
				CODE_SIGN_IDENTITY = "-";
				COPY_PHASE_STRIP = NO;
				ENABLE_STRICT_OBJC_MSGSEND = YES;
				GCC_C_LANGUAGE_STANDARD = gnu99;
				GCC_DYNAMIC_NO_PIC = NO;
				GCC_OPTIMIZATION_LEVEL = 0;
				GCC_PREPROCESSOR_DEFINITIONS = (
					"DEBUG=1",
					"$(inherited)",
				);
				GCC_SYMBOLS_PRIVATE_EXTERN = NO;
				GCC_WARN_64_TO_32_BIT_CONVERSION = YES;
				GCC_WARN_ABOUT_RETURN_TYPE = YES_ERROR;
				GCC_WARN_UNDECLARED_SELECTOR = YES;
				GCC_WARN_UNINITIALIZED_AUTOS = YES_AGGRESSIVE;
				GCC_WARN_UNUSED_FUNCTION = YES;
				GCC_WARN_UNUSED_VARIABLE = YES;
				MACOSX_DEPLOYMENT_TARGET = 10.10;
				MTL_ENABLE_DEBUG_INFO = YES;
				ONLY_ACTIVE_ARCH = YES;
				SDKROOT = macosx;
			};
			name = Debug;
		};
		15420EB21A091F2300EB80F4 /* Release */ = {
			isa = XCBuildConfiguration;
			buildSettings = {
				ALWAYS_SEARCH_USER_PATHS = NO;
				CLANG_CXX_LANGUAGE_STANDARD = "gnu++0x";
				CLANG_CXX_LIBRARY = "libc++";
				CLANG_ENABLE_MODULES = YES;
				CLANG_ENABLE_OBJC_ARC = YES;
				CLANG_WARN_BOOL_CONVERSION = YES;
				CLANG_WARN_CONSTANT_CONVERSION = YES;
				CLANG_WARN_DIRECT_OBJC_ISA_USAGE = YES_ERROR;
				CLANG_WARN_EMPTY_BODY = YES;
				CLANG_WARN_ENUM_CONVERSION = YES;
				CLANG_WARN_INT_CONVERSION = YES;
				CLANG_WARN_OBJC_ROOT_CLASS = YES_ERROR;
				CLANG_WARN_UNREACHABLE_CODE = YES;
				CLANG_WARN__DUPLICATE_METHOD_MATCH = YES;
				CODE_SIGN_IDENTITY = "-";
				COPY_PHASE_STRIP = YES;
				DEBUG_INFORMATION_FORMAT = "dwarf-with-dsym";
				ENABLE_NS_ASSERTIONS = NO;
				ENABLE_STRICT_OBJC_MSGSEND = YES;
				GCC_C_LANGUAGE_STANDARD = gnu99;
				GCC_WARN_64_TO_32_BIT_CONVERSION = YES;
				GCC_WARN_ABOUT_RETURN_TYPE = YES_ERROR;
				GCC_WARN_UNDECLARED_SELECTOR = YES;
				GCC_WARN_UNINITIALIZED_AUTOS = YES_AGGRESSIVE;
				GCC_WARN_UNUSED_FUNCTION = YES;
				GCC_WARN_UNUSED_VARIABLE = YES;
				MACOSX_DEPLOYMENT_TARGET = 10.10;
				MTL_ENABLE_DEBUG_INFO = NO;
				SDKROOT = macosx;
			};
			name = Release;
		};
		15420EB41A091F2300EB80F4 /* Debug */ = {
			isa = XCBuildConfiguration;
			buildSettings = {
				ASSETCATALOG_COMPILER_APPICON_NAME = AppIcon;
				COMBINE_HIDPI_IMAGES = YES;
				INFOPLIST_FILE = "PKC-Lab1/Info.plist";
				LD_RUNPATH_SEARCH_PATHS = "$(inherited) @executable_path/../Frameworks";
				PRODUCT_NAME = "$(TARGET_NAME)";
			};
			name = Debug;
		};
		15420EB51A091F2300EB80F4 /* Release */ = {
			isa = XCBuildConfiguration;
			buildSettings = {
				ASSETCATALOG_COMPILER_APPICON_NAME = AppIcon;
				COMBINE_HIDPI_IMAGES = YES;
				INFOPLIST_FILE = "PKC-Lab1/Info.plist";
				LD_RUNPATH_SEARCH_PATHS = "$(inherited) @executable_path/../Frameworks";
				PRODUCT_NAME = "$(TARGET_NAME)";
			};
			name = Release;
		};
		15420EB71A091F2300EB80F4 /* Debug */ = {
			isa = XCBuildConfiguration;
			buildSettings = {
				BUNDLE_LOADER = "$(TEST_HOST)";
				COMBINE_HIDPI_IMAGES = YES;
				FRAMEWORK_SEARCH_PATHS = (
					"$(DEVELOPER_FRAMEWORKS_DIR)",
					"$(inherited)",
				);
				GCC_PREPROCESSOR_DEFINITIONS = (
					"DEBUG=1",
					"$(inherited)",
				);
				INFOPLIST_FILE = "PKC-Lab1Tests/Info.plist";
				LD_RUNPATH_SEARCH_PATHS = "$(inherited) @executable_path/../Frameworks @loader_path/../Frameworks";
				PRODUCT_NAME = "$(TARGET_NAME)";
				TEST_HOST = "$(BUILT_PRODUCTS_DIR)/PKC-Lab1.app/Contents/MacOS/PKC-Lab1";
			};
			name = Debug;
		};
		15420EB81A091F2300EB80F4 /* Release */ = {
			isa = XCBuildConfiguration;
			buildSettings = {
				BUNDLE_LOADER = "$(TEST_HOST)";
				COMBINE_HIDPI_IMAGES = YES;
				FRAMEWORK_SEARCH_PATHS = (
					"$(DEVELOPER_FRAMEWORKS_DIR)",
					"$(inherited)",
				);
				INFOPLIST_FILE = "PKC-Lab1Tests/Info.plist";
				LD_RUNPATH_SEARCH_PATHS = "$(inherited) @executable_path/../Frameworks @loader_path/../Frameworks";
				PRODUCT_NAME = "$(TARGET_NAME)";
				TEST_HOST = "$(BUILT_PRODUCTS_DIR)/PKC-Lab1.app/Contents/MacOS/PKC-Lab1";
			};
			name = Release;
		};
/* End XCBuildConfiguration section */

/* Begin XCConfigurationList section */
		15420E8E1A091F2300EB80F4 /* Build configuration list for PBXProject "PKC-Lab1" */ = {
			isa = XCConfigurationList;
			buildConfigurations = (
				15420EB11A091F2300EB80F4 /* Debug */,
				15420EB21A091F2300EB80F4 /* Release */,
			);
			defaultConfigurationIsVisible = 0;
			defaultConfigurationName = Release;
		};
		15420EB31A091F2300EB80F4 /* Build configuration list for PBXNativeTarget "PKC-Lab1" */ = {
			isa = XCConfigurationList;
			buildConfigurations = (
				15420EB41A091F2300EB80F4 /* Debug */,
				15420EB51A091F2300EB80F4 /* Release */,
			);
			defaultConfigurationIsVisible = 0;
		};
		15420EB61A091F2300EB80F4 /* Build configuration list for PBXNativeTarget "PKC-Lab1Tests" */ = {
			isa = XCConfigurationList;
			buildConfigurations = (
				15420EB71A091F2300EB80F4 /* Debug */,
				15420EB81A091F2300EB80F4 /* Release */,
			);
			defaultConfigurationIsVisible = 0;
		};
/* End XCConfigurationList section */
	};
	rootObject = 15420E8B1A091F2300EB80F4 /* Project object */;
}
