// !$*UTF8*$!
{
	archiveVersion = 1;
	classes = {
	};
	objectVersion = 46;
	objects = {

/* Begin PBXBuildFile section */
		A7883BEE193389FD00AA6F33 /* main.cpp in Sources */ = {isa = PBXBuildFile; fileRef = A7883BED193389FD00AA6F33 /* main.cpp */; };
		A7883BF819338A1700AA6F33 /* Neuron.cpp in Sources */ = {isa = PBXBuildFile; fileRef = A7883BF619338A1700AA6F33 /* Neuron.cpp */; };
		A7883BFB19338A9A00AA6F33 /* Layer.cpp in Sources */ = {isa = PBXBuildFile; fileRef = A7883BF919338A9A00AA6F33 /* Layer.cpp */; };
		A7883BFE19338B1500AA6F33 /* Network.cpp in Sources */ = {isa = PBXBuildFile; fileRef = A7883BFC19338B1500AA6F33 /* Network.cpp */; };
		A7BF19D21933A9CD002CE09F /* data.train in CopyFiles */ = {isa = PBXBuildFile; fileRef = A7BF19D11933A9B7002CE09F /* data.train */; };
		A7BF19D41933AD53002CE09F /* data.test in CopyFiles */ = {isa = PBXBuildFile; fileRef = A7BF19D31933AD4A002CE09F /* data.test */; };
/* End PBXBuildFile section */

/* Begin PBXCopyFilesBuildPhase section */
		A7883BE8193389FD00AA6F33 /* CopyFiles */ = {
			isa = PBXCopyFilesBuildPhase;
			buildActionMask = 12;
			dstPath = "";
			dstSubfolderSpec = 6;
			files = (
				A7BF19D21933A9CD002CE09F /* data.train in CopyFiles */,
				A7BF19D41933AD53002CE09F /* data.test in CopyFiles */,
			);
			runOnlyForDeploymentPostprocessing = 0;
		};
/* End PBXCopyFilesBuildPhase section */

/* Begin PBXFileReference section */
		A7883BEA193389FD00AA6F33 /* Lab4 */ = {isa = PBXFileReference; explicitFileType = "compiled.mach-o.executable"; includeInIndex = 0; path = Lab4; sourceTree = BUILT_PRODUCTS_DIR; };
		A7883BED193389FD00AA6F33 /* main.cpp */ = {isa = PBXFileReference; lastKnownFileType = sourcecode.cpp.cpp; path = main.cpp; sourceTree = "<group>"; };
		A7883BEF193389FD00AA6F33 /* Lab4.1 */ = {isa = PBXFileReference; lastKnownFileType = text.man; path = Lab4.1; sourceTree = "<group>"; };
		A7883BF619338A1700AA6F33 /* Neuron.cpp */ = {isa = PBXFileReference; fileEncoding = 4; lastKnownFileType = sourcecode.cpp.cpp; path = Neuron.cpp; sourceTree = "<group>"; };
		A7883BF719338A1700AA6F33 /* Neuron.h */ = {isa = PBXFileReference; fileEncoding = 4; lastKnownFileType = sourcecode.c.h; path = Neuron.h; sourceTree = "<group>"; };
		A7883BF919338A9A00AA6F33 /* Layer.cpp */ = {isa = PBXFileReference; fileEncoding = 4; lastKnownFileType = sourcecode.cpp.cpp; path = Layer.cpp; sourceTree = "<group>"; };
		A7883BFA19338A9A00AA6F33 /* Layer.h */ = {isa = PBXFileReference; fileEncoding = 4; lastKnownFileType = sourcecode.c.h; path = Layer.h; sourceTree = "<group>"; };
		A7883BFC19338B1500AA6F33 /* Network.cpp */ = {isa = PBXFileReference; fileEncoding = 4; lastKnownFileType = sourcecode.cpp.cpp; path = Network.cpp; sourceTree = "<group>"; };
		A7883BFD19338B1500AA6F33 /* Network.h */ = {isa = PBXFileReference; fileEncoding = 4; lastKnownFileType = sourcecode.c.h; path = Network.h; sourceTree = "<group>"; };
		A7BF19D11933A9B7002CE09F /* data.train */ = {isa = PBXFileReference; lastKnownFileType = text; path = data.train; sourceTree = "<group>"; };
		A7BF19D31933AD4A002CE09F /* data.test */ = {isa = PBXFileReference; lastKnownFileType = text; path = data.test; sourceTree = "<group>"; };
/* End PBXFileReference section */

/* Begin PBXFrameworksBuildPhase section */
		A7883BE7193389FD00AA6F33 /* Frameworks */ = {
			isa = PBXFrameworksBuildPhase;
			buildActionMask = 2147483647;
			files = (
			);
			runOnlyForDeploymentPostprocessing = 0;
		};
/* End PBXFrameworksBuildPhase section */

/* Begin PBXGroup section */
		A7883BE1193389FD00AA6F33 = {
			isa = PBXGroup;
			children = (
				A7BF19D11933A9B7002CE09F /* data.train */,
				A7BF19D31933AD4A002CE09F /* data.test */,
				A7883BEC193389FD00AA6F33 /* Lab4 */,
				A7883BEB193389FD00AA6F33 /* Products */,
			);
			sourceTree = "<group>";
		};
		A7883BEB193389FD00AA6F33 /* Products */ = {
			isa = PBXGroup;
			children = (
				A7883BEA193389FD00AA6F33 /* Lab4 */,
			);
			name = Products;
			sourceTree = "<group>";
		};
		A7883BEC193389FD00AA6F33 /* Lab4 */ = {
			isa = PBXGroup;
			children = (
				A7883BED193389FD00AA6F33 /* main.cpp */,
				A7883BEF193389FD00AA6F33 /* Lab4.1 */,
				A7883BF619338A1700AA6F33 /* Neuron.cpp */,
				A7883BF719338A1700AA6F33 /* Neuron.h */,
				A7883BF919338A9A00AA6F33 /* Layer.cpp */,
				A7883BFA19338A9A00AA6F33 /* Layer.h */,
				A7883BFC19338B1500AA6F33 /* Network.cpp */,
				A7883BFD19338B1500AA6F33 /* Network.h */,
			);
			path = Lab4;
			sourceTree = "<group>";
		};
/* End PBXGroup section */

/* Begin PBXNativeTarget section */
		A7883BE9193389FD00AA6F33 /* Lab4 */ = {
			isa = PBXNativeTarget;
			buildConfigurationList = A7883BF3193389FD00AA6F33 /* Build configuration list for PBXNativeTarget "Lab4" */;
			buildPhases = (
				A7883BE6193389FD00AA6F33 /* Sources */,
				A7883BE7193389FD00AA6F33 /* Frameworks */,
				A7883BE8193389FD00AA6F33 /* CopyFiles */,
			);
			buildRules = (
			);
			dependencies = (
			);
			name = Lab4;
			productName = Lab4;
			productReference = A7883BEA193389FD00AA6F33 /* Lab4 */;
			productType = "com.apple.product-type.tool";
		};
/* End PBXNativeTarget section */

/* Begin PBXProject section */
		A7883BE2193389FD00AA6F33 /* Project object */ = {
			isa = PBXProject;
			attributes = {
				LastUpgradeCheck = 0510;
				ORGANIZATIONNAME = info;
			};
			buildConfigurationList = A7883BE5193389FD00AA6F33 /* Build configuration list for PBXProject "Lab4" */;
			compatibilityVersion = "Xcode 3.2";
			developmentRegion = English;
			hasScannedForEncodings = 0;
			knownRegions = (
				en,
			);
			mainGroup = A7883BE1193389FD00AA6F33;
			productRefGroup = A7883BEB193389FD00AA6F33 /* Products */;
			projectDirPath = "";
			projectRoot = "";
			targets = (
				A7883BE9193389FD00AA6F33 /* Lab4 */,
			);
		};
/* End PBXProject section */

/* Begin PBXSourcesBuildPhase section */
		A7883BE6193389FD00AA6F33 /* Sources */ = {
			isa = PBXSourcesBuildPhase;
			buildActionMask = 2147483647;
			files = (
				A7883BFB19338A9A00AA6F33 /* Layer.cpp in Sources */,
				A7883BF819338A1700AA6F33 /* Neuron.cpp in Sources */,
				A7883BFE19338B1500AA6F33 /* Network.cpp in Sources */,
				A7883BEE193389FD00AA6F33 /* main.cpp in Sources */,
			);
			runOnlyForDeploymentPostprocessing = 0;
		};
/* End PBXSourcesBuildPhase section */

/* Begin XCBuildConfiguration section */
		A7883BF1193389FD00AA6F33 /* Debug */ = {
			isa = XCBuildConfiguration;
			buildSettings = {
				ALWAYS_SEARCH_USER_PATHS = NO;
				CLANG_CXX_LANGUAGE_STANDARD = "gnu++0x";
				CLANG_CXX_LIBRARY = "libc++";
				CLANG_ENABLE_MODULES = YES;
				CLANG_ENABLE_OBJC_ARC = YES;
				CLANG_WARN_BOOL_CONVERSION = YES;
				CLANG_WARN_CONSTANT_CONVERSION = YES;
				CLANG_WARN_DIRECT_OBJC_ISA_USAGE = YES_ERROR;
				CLANG_WARN_EMPTY_BODY = YES;
				CLANG_WARN_ENUM_CONVERSION = YES;
				CLANG_WARN_INT_CONVERSION = YES;
				CLANG_WARN_OBJC_ROOT_CLASS = YES_ERROR;
				CLANG_WARN__DUPLICATE_METHOD_MATCH = YES;
				COPY_PHASE_STRIP = NO;
				GCC_C_LANGUAGE_STANDARD = gnu99;
				GCC_DYNAMIC_NO_PIC = NO;
				GCC_ENABLE_OBJC_EXCEPTIONS = YES;
				GCC_OPTIMIZATION_LEVEL = 0;
				GCC_PREPROCESSOR_DEFINITIONS = (
					"DEBUG=1",
					"$(inherited)",
				);
				GCC_SYMBOLS_PRIVATE_EXTERN = NO;
				GCC_WARN_64_TO_32_BIT_CONVERSION = YES;
				GCC_WARN_ABOUT_RETURN_TYPE = YES_ERROR;
				GCC_WARN_UNDECLARED_SELECTOR = YES;
				GCC_WARN_UNINITIALIZED_AUTOS = YES_AGGRESSIVE;
				GCC_WARN_UNUSED_FUNCTION = YES;
				GCC_WARN_UNUSED_VARIABLE = YES;
				MACOSX_DEPLOYMENT_TARGET = 10.9;
				ONLY_ACTIVE_ARCH = YES;
				SDKROOT = macosx;
			};
			name = Debug;
		};
		A7883BF2193389FD00AA6F33 /* Release */ = {
			isa = XCBuildConfiguration;
			buildSettings = {
				ALWAYS_SEARCH_USER_PATHS = NO;
				CLANG_CXX_LANGUAGE_STANDARD = "gnu++0x";
				CLANG_CXX_LIBRARY = "libc++";
				CLANG_ENABLE_MODULES = YES;
				CLANG_ENABLE_OBJC_ARC = YES;
				CLANG_WARN_BOOL_CONVERSION = YES;
				CLANG_WARN_CONSTANT_CONVERSION = YES;
				CLANG_WARN_DIRECT_OBJC_ISA_USAGE = YES_ERROR;
				CLANG_WARN_EMPTY_BODY = YES;
				CLANG_WARN_ENUM_CONVERSION = YES;
				CLANG_WARN_INT_CONVERSION = YES;
				CLANG_WARN_OBJC_ROOT_CLASS = YES_ERROR;
				CLANG_WARN__DUPLICATE_METHOD_MATCH = YES;
				COPY_PHASE_STRIP = YES;
				DEBUG_INFORMATION_FORMAT = "dwarf-with-dsym";
				ENABLE_NS_ASSERTIONS = NO;
				GCC_C_LANGUAGE_STANDARD = gnu99;
				GCC_ENABLE_OBJC_EXCEPTIONS = YES;
				GCC_WARN_64_TO_32_BIT_CONVERSION = YES;
				GCC_WARN_ABOUT_RETURN_TYPE = YES_ERROR;
				GCC_WARN_UNDECLARED_SELECTOR = YES;
				GCC_WARN_UNINITIALIZED_AUTOS = YES_AGGRESSIVE;
				GCC_WARN_UNUSED_FUNCTION = YES;
				GCC_WARN_UNUSED_VARIABLE = YES;
				MACOSX_DEPLOYMENT_TARGET = 10.9;
				SDKROOT = macosx;
			};
			name = Release;
		};
		A7883BF4193389FD00AA6F33 /* Debug */ = {
			isa = XCBuildConfiguration;
			buildSettings = {
				PRODUCT_NAME = "$(TARGET_NAME)";
			};
			name = Debug;
		};
		A7883BF5193389FD00AA6F33 /* Release */ = {
			isa = XCBuildConfiguration;
			buildSettings = {
				PRODUCT_NAME = "$(TARGET_NAME)";
			};
			name = Release;
		};
/* End XCBuildConfiguration section */

/* Begin XCConfigurationList section */
		A7883BE5193389FD00AA6F33 /* Build configuration list for PBXProject "Lab4" */ = {
			isa = XCConfigurationList;
			buildConfigurations = (
				A7883BF1193389FD00AA6F33 /* Debug */,
				A7883BF2193389FD00AA6F33 /* Release */,
			);
			defaultConfigurationIsVisible = 0;
			defaultConfigurationName = Release;
		};
		A7883BF3193389FD00AA6F33 /* Build configuration list for PBXNativeTarget "Lab4" */ = {
			isa = XCConfigurationList;
			buildConfigurations = (
				A7883BF4193389FD00AA6F33 /* Debug */,
				A7883BF5193389FD00AA6F33 /* Release */,
			);
			defaultConfigurationIsVisible = 0;
			defaultConfigurationName = Release;
		};
/* End XCConfigurationList section */
	};
	rootObject = A7883BE2193389FD00AA6F33 /* Project object */;
}
