// !$*UTF8*$!
{
	archiveVersion = 1;
	classes = {
	};
	objectVersion = 46;
	objects = {

/* Begin PBXBuildFile section */
		912257341833D2AB00702E0D /* NSMutableArray+Queue.m in Sources */ = {isa = PBXBuildFile; fileRef = 912257331833D2AB00702E0D /* NSMutableArray+Queue.m */; };
		912257381833DAEF00702E0D /* LGNode.m in Sources */ = {isa = PBXBuildFile; fileRef = 912257371833DAEF00702E0D /* LGNode.m */; };
		913CCBAC1829734B0038AEC2 /* Foundation.framework in Frameworks */ = {isa = PBXBuildFile; fileRef = 913CCBAB1829734B0038AEC2 /* Foundation.framework */; };
		913CCBAF1829734B0038AEC2 /* main.m in Sources */ = {isa = PBXBuildFile; fileRef = 913CCBAE1829734B0038AEC2 /* main.m */; };
		913CCBBB1829738D0038AEC2 /* LGGraph.m in Sources */ = {isa = PBXBuildFile; fileRef = 913CCBBA1829738D0038AEC2 /* LGGraph.m */; };
		913CCBBE182973AC0038AEC2 /* LGVertex.m in Sources */ = {isa = PBXBuildFile; fileRef = 913CCBBD182973AC0038AEC2 /* LGVertex.m */; };
		913CCBC1182973BA0038AEC2 /* LGEdge.m in Sources */ = {isa = PBXBuildFile; fileRef = 913CCBC0182973BA0038AEC2 /* LGEdge.m */; };
		913CCBC718297A180038AEC2 /* LGGraph+Additions.m in Sources */ = {isa = PBXBuildFile; fileRef = 913CCBC618297A180038AEC2 /* LGGraph+Additions.m */; };
		913CCBCB182980840038AEC2 /* graph.txt in Copy Files */ = {isa = PBXBuildFile; fileRef = 913CCBC9182980400038AEC2 /* graph.txt */; };
/* End PBXBuildFile section */

/* Begin PBXCopyFilesBuildPhase section */
		913CCBA61829734B0038AEC2 /* Copy Files */ = {
			isa = PBXCopyFilesBuildPhase;
			buildActionMask = 12;
			dstPath = "";
			dstSubfolderSpec = 7;
			files = (
				913CCBCB182980840038AEC2 /* graph.txt in Copy Files */,
			);
			name = "Copy Files";
			runOnlyForDeploymentPostprocessing = 0;
		};
/* End PBXCopyFilesBuildPhase section */

/* Begin PBXFileReference section */
		912257321833D2AB00702E0D /* NSMutableArray+Queue.h */ = {isa = PBXFileReference; fileEncoding = 4; lastKnownFileType = sourcecode.c.h; path = "NSMutableArray+Queue.h"; sourceTree = "<group>"; };
		912257331833D2AB00702E0D /* NSMutableArray+Queue.m */ = {isa = PBXFileReference; fileEncoding = 4; lastKnownFileType = sourcecode.c.objc; path = "NSMutableArray+Queue.m"; sourceTree = "<group>"; };
		912257361833DAEF00702E0D /* LGNode.h */ = {isa = PBXFileReference; fileEncoding = 4; lastKnownFileType = sourcecode.c.h; path = LGNode.h; sourceTree = "<group>"; };
		912257371833DAEF00702E0D /* LGNode.m */ = {isa = PBXFileReference; fileEncoding = 4; lastKnownFileType = sourcecode.c.objc; path = LGNode.m; sourceTree = "<group>"; };
		913CCBA81829734B0038AEC2 /* Lab2 */ = {isa = PBXFileReference; explicitFileType = "compiled.mach-o.executable"; includeInIndex = 0; path = Lab2; sourceTree = BUILT_PRODUCTS_DIR; };
		913CCBAB1829734B0038AEC2 /* Foundation.framework */ = {isa = PBXFileReference; lastKnownFileType = wrapper.framework; name = Foundation.framework; path = System/Library/Frameworks/Foundation.framework; sourceTree = SDKROOT; };
		913CCBAE1829734B0038AEC2 /* main.m */ = {isa = PBXFileReference; lastKnownFileType = sourcecode.c.objc; name = main.m; path = Lab1/main.m; sourceTree = "<group>"; };
		913CCBB11829734B0038AEC2 /* Lab2-Prefix.pch */ = {isa = PBXFileReference; lastKnownFileType = sourcecode.c.h; path = "Lab2-Prefix.pch"; sourceTree = "<group>"; };
		913CCBB91829738D0038AEC2 /* LGGraph.h */ = {isa = PBXFileReference; fileEncoding = 4; lastKnownFileType = sourcecode.c.h; path = LGGraph.h; sourceTree = "<group>"; };
		913CCBBA1829738D0038AEC2 /* LGGraph.m */ = {isa = PBXFileReference; fileEncoding = 4; lastKnownFileType = sourcecode.c.objc; path = LGGraph.m; sourceTree = "<group>"; };
		913CCBBC182973AC0038AEC2 /* LGVertex.h */ = {isa = PBXFileReference; fileEncoding = 4; lastKnownFileType = sourcecode.c.h; path = LGVertex.h; sourceTree = "<group>"; };
		913CCBBD182973AC0038AEC2 /* LGVertex.m */ = {isa = PBXFileReference; fileEncoding = 4; lastKnownFileType = sourcecode.c.objc; path = LGVertex.m; sourceTree = "<group>"; };
		913CCBBF182973BA0038AEC2 /* LGEdge.h */ = {isa = PBXFileReference; fileEncoding = 4; lastKnownFileType = sourcecode.c.h; path = LGEdge.h; sourceTree = "<group>"; };
		913CCBC0182973BA0038AEC2 /* LGEdge.m */ = {isa = PBXFileReference; fileEncoding = 4; lastKnownFileType = sourcecode.c.objc; path = LGEdge.m; sourceTree = "<group>"; };
		913CCBC518297A180038AEC2 /* LGGraph+Additions.h */ = {isa = PBXFileReference; fileEncoding = 4; lastKnownFileType = sourcecode.c.h; path = "LGGraph+Additions.h"; sourceTree = "<group>"; };
		913CCBC618297A180038AEC2 /* LGGraph+Additions.m */ = {isa = PBXFileReference; fileEncoding = 4; lastKnownFileType = sourcecode.c.objc; path = "LGGraph+Additions.m"; sourceTree = "<group>"; };
		913CCBC9182980400038AEC2 /* graph.txt */ = {isa = PBXFileReference; fileEncoding = 4; lastKnownFileType = text; path = graph.txt; sourceTree = "<group>"; };
/* End PBXFileReference section */

/* Begin PBXFrameworksBuildPhase section */
		913CCBA51829734B0038AEC2 /* Frameworks */ = {
			isa = PBXFrameworksBuildPhase;
			buildActionMask = 2147483647;
			files = (
				913CCBAC1829734B0038AEC2 /* Foundation.framework in Frameworks */,
			);
			runOnlyForDeploymentPostprocessing = 0;
		};
/* End PBXFrameworksBuildPhase section */

/* Begin PBXGroup section */
		912257351833D2CB00702E0D /* Utils */ = {
			isa = PBXGroup;
			children = (
				912257321833D2AB00702E0D /* NSMutableArray+Queue.h */,
				912257331833D2AB00702E0D /* NSMutableArray+Queue.m */,
				912257361833DAEF00702E0D /* LGNode.h */,
				912257371833DAEF00702E0D /* LGNode.m */,
			);
			name = Utils;
			sourceTree = "<group>";
		};
		913CCB9F1829734B0038AEC2 = {
			isa = PBXGroup;
			children = (
				913CCBAD1829734B0038AEC2 /* Lab3 */,
				913CCBAE1829734B0038AEC2 /* main.m */,
				913CCBAA1829734B0038AEC2 /* Frameworks */,
				913CCBA91829734B0038AEC2 /* Products */,
				913CCBC9182980400038AEC2 /* graph.txt */,
			);
			sourceTree = "<group>";
		};
		913CCBA91829734B0038AEC2 /* Products */ = {
			isa = PBXGroup;
			children = (
				913CCBA81829734B0038AEC2 /* Lab2 */,
			);
			name = Products;
			sourceTree = "<group>";
		};
		913CCBAA1829734B0038AEC2 /* Frameworks */ = {
			isa = PBXGroup;
			children = (
				913CCBAB1829734B0038AEC2 /* Foundation.framework */,
			);
			name = Frameworks;
			sourceTree = "<group>";
		};
		913CCBAD1829734B0038AEC2 /* Lab3 */ = {
			isa = PBXGroup;
			children = (
				913CCBC818297FF40038AEC2 /* Graph */,
				912257351833D2CB00702E0D /* Utils */,
				913CCBB01829734B0038AEC2 /* Supporting Files */,
			);
			name = Lab3;
			path = Lab1;
			sourceTree = "<group>";
		};
		913CCBB01829734B0038AEC2 /* Supporting Files */ = {
			isa = PBXGroup;
			children = (
				913CCBB11829734B0038AEC2 /* Lab2-Prefix.pch */,
			);
			name = "Supporting Files";
			sourceTree = "<group>";
		};
		913CCBC818297FF40038AEC2 /* Graph */ = {
			isa = PBXGroup;
			children = (
				913CCBC518297A180038AEC2 /* LGGraph+Additions.h */,
				913CCBC618297A180038AEC2 /* LGGraph+Additions.m */,
				913CCBBC182973AC0038AEC2 /* LGVertex.h */,
				913CCBBD182973AC0038AEC2 /* LGVertex.m */,
				913CCBB91829738D0038AEC2 /* LGGraph.h */,
				913CCBBA1829738D0038AEC2 /* LGGraph.m */,
				913CCBBF182973BA0038AEC2 /* LGEdge.h */,
				913CCBC0182973BA0038AEC2 /* LGEdge.m */,
			);
			name = Graph;
			sourceTree = "<group>";
		};
/* End PBXGroup section */

/* Begin PBXNativeTarget section */
		913CCBA71829734B0038AEC2 /* Lab3 */ = {
			isa = PBXNativeTarget;
			buildConfigurationList = 913CCBB61829734B0038AEC2 /* Build configuration list for PBXNativeTarget "Lab3" */;
			buildPhases = (
				913CCBA41829734B0038AEC2 /* Sources */,
				913CCBA51829734B0038AEC2 /* Frameworks */,
				913CCBA61829734B0038AEC2 /* Copy Files */,
			);
			buildRules = (
			);
			dependencies = (
			);
			name = Lab3;
			productName = Lab1;
			productReference = 913CCBA81829734B0038AEC2 /* Lab2 */;
			productType = "com.apple.product-type.tool";
		};
/* End PBXNativeTarget section */

/* Begin PBXProject section */
		913CCBA01829734B0038AEC2 /* Project object */ = {
			isa = PBXProject;
			attributes = {
				LastUpgradeCheck = 0500;
				ORGANIZATIONNAME = "Mihai Costea";
			};
			buildConfigurationList = 913CCBA31829734B0038AEC2 /* Build configuration list for PBXProject "Lab3" */;
			compatibilityVersion = "Xcode 3.2";
			developmentRegion = English;
			hasScannedForEncodings = 0;
			knownRegions = (
				en,
			);
			mainGroup = 913CCB9F1829734B0038AEC2;
			productRefGroup = 913CCBA91829734B0038AEC2 /* Products */;
			projectDirPath = "";
			projectRoot = "";
			targets = (
				913CCBA71829734B0038AEC2 /* Lab3 */,
			);
		};
/* End PBXProject section */

/* Begin PBXSourcesBuildPhase section */
		913CCBA41829734B0038AEC2 /* Sources */ = {
			isa = PBXSourcesBuildPhase;
			buildActionMask = 2147483647;
			files = (
				912257381833DAEF00702E0D /* LGNode.m in Sources */,
				913CCBBE182973AC0038AEC2 /* LGVertex.m in Sources */,
				913CCBC718297A180038AEC2 /* LGGraph+Additions.m in Sources */,
				913CCBAF1829734B0038AEC2 /* main.m in Sources */,
				913CCBBB1829738D0038AEC2 /* LGGraph.m in Sources */,
				913CCBC1182973BA0038AEC2 /* LGEdge.m in Sources */,
				912257341833D2AB00702E0D /* NSMutableArray+Queue.m in Sources */,
			);
			runOnlyForDeploymentPostprocessing = 0;
		};
/* End PBXSourcesBuildPhase section */

/* Begin XCBuildConfiguration section */
		913CCBB41829734B0038AEC2 /* Debug */ = {
			isa = XCBuildConfiguration;
			buildSettings = {
				ALWAYS_SEARCH_USER_PATHS = NO;
				CLANG_CXX_LANGUAGE_STANDARD = "gnu++0x";
				CLANG_CXX_LIBRARY = "libc++";
				CLANG_ENABLE_OBJC_ARC = YES;
				CLANG_WARN_BOOL_CONVERSION = YES;
				CLANG_WARN_CONSTANT_CONVERSION = YES;
				CLANG_WARN_DIRECT_OBJC_ISA_USAGE = YES_ERROR;
				CLANG_WARN_EMPTY_BODY = YES;
				CLANG_WARN_ENUM_CONVERSION = YES;
				CLANG_WARN_INT_CONVERSION = YES;
				CLANG_WARN_OBJC_ROOT_CLASS = YES_ERROR;
				CLANG_WARN__DUPLICATE_METHOD_MATCH = YES;
				COPY_PHASE_STRIP = NO;
				GCC_C_LANGUAGE_STANDARD = gnu99;
				GCC_DYNAMIC_NO_PIC = NO;
				GCC_ENABLE_OBJC_EXCEPTIONS = YES;
				GCC_OPTIMIZATION_LEVEL = 0;
				GCC_PREPROCESSOR_DEFINITIONS = (
					"DEBUG=1",
					"$(inherited)",
				);
				GCC_SYMBOLS_PRIVATE_EXTERN = NO;
				GCC_WARN_64_TO_32_BIT_CONVERSION = YES;
				GCC_WARN_ABOUT_RETURN_TYPE = YES_ERROR;
				GCC_WARN_UNDECLARED_SELECTOR = YES;
				GCC_WARN_UNINITIALIZED_AUTOS = YES;
				GCC_WARN_UNUSED_FUNCTION = YES;
				GCC_WARN_UNUSED_VARIABLE = YES;
				MACOSX_DEPLOYMENT_TARGET = 10.9;
				ONLY_ACTIVE_ARCH = YES;
				SDKROOT = macosx;
			};
			name = Debug;
		};
		913CCBB51829734B0038AEC2 /* Release */ = {
			isa = XCBuildConfiguration;
			buildSettings = {
				ALWAYS_SEARCH_USER_PATHS = NO;
				CLANG_CXX_LANGUAGE_STANDARD = "gnu++0x";
				CLANG_CXX_LIBRARY = "libc++";
				CLANG_ENABLE_OBJC_ARC = YES;
				CLANG_WARN_BOOL_CONVERSION = YES;
				CLANG_WARN_CONSTANT_CONVERSION = YES;
				CLANG_WARN_DIRECT_OBJC_ISA_USAGE = YES_ERROR;
				CLANG_WARN_EMPTY_BODY = YES;
				CLANG_WARN_ENUM_CONVERSION = YES;
				CLANG_WARN_INT_CONVERSION = YES;
				CLANG_WARN_OBJC_ROOT_CLASS = YES_ERROR;
				CLANG_WARN__DUPLICATE_METHOD_MATCH = YES;
				COPY_PHASE_STRIP = YES;
				DEBUG_INFORMATION_FORMAT = "dwarf-with-dsym";
				ENABLE_NS_ASSERTIONS = NO;
				GCC_C_LANGUAGE_STANDARD = gnu99;
				GCC_ENABLE_OBJC_EXCEPTIONS = YES;
				GCC_WARN_64_TO_32_BIT_CONVERSION = YES;
				GCC_WARN_ABOUT_RETURN_TYPE = YES_ERROR;
				GCC_WARN_UNDECLARED_SELECTOR = YES;
				GCC_WARN_UNINITIALIZED_AUTOS = YES;
				GCC_WARN_UNUSED_FUNCTION = YES;
				GCC_WARN_UNUSED_VARIABLE = YES;
				MACOSX_DEPLOYMENT_TARGET = 10.9;
				SDKROOT = macosx;
			};
			name = Release;
		};
		913CCBB71829734B0038AEC2 /* Debug */ = {
			isa = XCBuildConfiguration;
			buildSettings = {
				GCC_PRECOMPILE_PREFIX_HEADER = YES;
				GCC_PREFIX_HEADER = "Lab1/Lab2-Prefix.pch";
				PRODUCT_NAME = Lab2;
			};
			name = Debug;
		};
		913CCBB81829734B0038AEC2 /* Release */ = {
			isa = XCBuildConfiguration;
			buildSettings = {
				GCC_PRECOMPILE_PREFIX_HEADER = YES;
				GCC_PREFIX_HEADER = "Lab1/Lab2-Prefix.pch";
				PRODUCT_NAME = Lab2;
			};
			name = Release;
		};
/* End XCBuildConfiguration section */

/* Begin XCConfigurationList section */
		913CCBA31829734B0038AEC2 /* Build configuration list for PBXProject "Lab3" */ = {
			isa = XCConfigurationList;
			buildConfigurations = (
				913CCBB41829734B0038AEC2 /* Debug */,
				913CCBB51829734B0038AEC2 /* Release */,
			);
			defaultConfigurationIsVisible = 0;
			defaultConfigurationName = Release;
		};
		913CCBB61829734B0038AEC2 /* Build configuration list for PBXNativeTarget "Lab3" */ = {
			isa = XCConfigurationList;
			buildConfigurations = (
				913CCBB71829734B0038AEC2 /* Debug */,
				913CCBB81829734B0038AEC2 /* Release */,
			);
			defaultConfigurationIsVisible = 0;
			defaultConfigurationName = Release;
		};
/* End XCConfigurationList section */
	};
	rootObject = 913CCBA01829734B0038AEC2 /* Project object */;
}
